
Microsoft Visual Studio Solution File, Format Version 12.00
# Visual Studio Version 16
VisualStudioVersion = 16.0.30804.86
MinimumVisualStudioVersion = 10.0.40219.1
Project("{8BC9CEB8-8B4A-11D0-8D11-00A0C91BC942}") = "Algorithm", "Algorithm\Algorithm.vcxproj", "{65F92D6B-E4C0-4564-A85B-4B88278CBA1D}"
EndProject
Project("{8BC9CEB8-8B4A-11D0-8D11-00A0C91BC942}") = "knight", "knight\knight.vcxproj", "{63CF0A95-6405-43CE-A8C5-1029783CA58D}"
EndProject
Project("{8BC9CEB8-8B4A-11D0-8D11-00A0C91BC942}") = "wantBigNumber", "wantBigNumber\wantBigNumber.vcxproj", "{A2B7C0CC-2C9E-45BE-9477-048358D098B5}"
EndProject
Project("{8BC9CEB8-8B4A-11D0-8D11-00A0C91BC942}") = "iceJuice", "iceJuice\iceJuice.vcxproj", "{E1CDF096-4C63-4C9D-8CB3-29F8166EF0D5}"
EndProject
Project("{8BC9CEB8-8B4A-11D0-8D11-00A0C91BC942}") = "virus", "virus\virus.vcxproj", "{388D66EE-9A46-4278-82BF-2547880B83FC}"
EndProject
Project("{8BC9CEB8-8B4A-11D0-8D11-00A0C91BC942}") = "Score2", "Score2\Score2.vcxproj", "{5F68F0F7-CF39-4E3F-9D6C-11901A2B56B4}"
EndProject
Project("{8BC9CEB8-8B4A-11D0-8D11-00A0C91BC942}") = "SmallNumber", "SmallNumber\SmallNumber.vcxproj", "{AC796215-626F-4B20-8F41-1E0DB4DDA82A}"
EndProject
Project("{8BC9CEB8-8B4A-11D0-8D11-00A0C91BC942}") = "PlusEOF", "PlusEOF\PlusEOF.vcxproj", "{3168DE48-613C-41ED-BF4A-4A4E89D24616}"
EndProject
Project("{8BC9CEB8-8B4A-11D0-8D11-00A0C91BC942}") = "lowScoreStudent", "lowScoreStudent\lowScoreStudent.vcxproj", "{7C15B0A6-4713-4AAE-A7DA-5AF89150C317}"
EndProject
Project("{8BC9CEB8-8B4A-11D0-8D11-00A0C91BC942}") = "BigNumber", "BigNumber\BigNumber.vcxproj", "{BCFA4DBE-87B0-40C5-BB33-DCC3F614A32C}"
EndProject
Project("{8BC9CEB8-8B4A-11D0-8D11-00A0C91BC942}") = "FastSort", "FastSort\FastSort.vcxproj", "{ED8EC8E5-7580-499A-AB55-E42ABFE9A557}"
EndProject
Project("{8BC9CEB8-8B4A-11D0-8D11-00A0C91BC942}") = "SumN", "SumN\SumN.vcxproj", "{A5F2B6DB-F749-4B03-919F-D3A2B7D09342}"
EndProject
Project("{8BC9CEB8-8B4A-11D0-8D11-00A0C91BC942}") = "NewWorld", "NewWorld\NewWorld.vcxproj", "{94CF16D1-04DC-4391-AE69-38C6D0D6FC1E}"
EndProject
Project("{8BC9CEB8-8B4A-11D0-8D11-00A0C91BC942}") = "quickSort", "quickSort\quickSort.vcxproj", "{E32C9D52-CC7F-4FF1-BA50-27870E52033B}"
EndProject
Project("{8BC9CEB8-8B4A-11D0-8D11-00A0C91BC942}") = "HeapSort", "HeapSort\HeapSort.vcxproj", "{4BE291CD-E2C9-490D-84FE-965E1DA6A5F2}"
EndProject
Project("{8BC9CEB8-8B4A-11D0-8D11-00A0C91BC942}") = "FractionSearch", "FractionSearch\FractionSearch.vcxproj", "{5992159C-CDA5-4AE5-9255-FA26DE0C08CB}"
EndProject
Project("{8BC9CEB8-8B4A-11D0-8D11-00A0C91BC942}") = "Factorization", "Factorization\Factorization.vcxproj", "{A2F40AB1-8732-42D2-9AAA-D5571F4099EF}"
EndProject
Project("{8BC9CEB8-8B4A-11D0-8D11-00A0C91BC942}") = "BinarySearch", "BinarySearch\BinarySearch.vcxproj", "{082D1AEF-25E9-41A3-AF86-51E869D5C07E}"
EndProject
Project("{8BC9CEB8-8B4A-11D0-8D11-00A0C91BC942}") = "Factorial", "Factorial\Factorial.vcxproj", "{C70C5963-3020-4DE4-864F-DE92D50CDD7C}"
EndProject
Project("{8BC9CEB8-8B4A-11D0-8D11-00A0C91BC942}") = "Weight", "Weight\Weight.vcxproj", "{EFD0C2A8-F5F0-4297-8840-49DCBDC6082A}"
EndProject
Project("{8BC9CEB8-8B4A-11D0-8D11-00A0C91BC942}") = "FightVirus", "FightVirus\FightVirus.vcxproj", "{ADA79BB1-6AC4-4134-9833-3A3BE5AE5BAD}"
EndProject
Project("{8BC9CEB8-8B4A-11D0-8D11-00A0C91BC942}") = "FailNum", "FailNum\FailNum.vcxproj", "{B5EC83CC-AF75-47CA-A8FB-4EDA8E7AFA4B}"
EndProject
Project("{8BC9CEB8-8B4A-11D0-8D11-00A0C91BC942}") = "ZeroSixTwo", "ZeroSixTwo\ZeroSixTwo.vcxproj", "{1B1B2873-C927-43D3-A9BD-73DC7BC50526}"
EndProject
Project("{8BC9CEB8-8B4A-11D0-8D11-00A0C91BC942}") = "NM", "NM\NM.vcxproj", "{BD3F4106-B5F5-47B3-AE8E-BA1F6B8E63E4}"
EndProject
Project("{8BC9CEB8-8B4A-11D0-8D11-00A0C91BC942}") = "Ring", "Ring\Ring.vcxproj", "{EF813CD7-7D7B-484C-8733-A80DC0736250}"
EndProject
Project("{8BC9CEB8-8B4A-11D0-8D11-00A0C91BC942}") = "Zero", "Zero\Zero.vcxproj", "{D9107D29-6875-4058-8926-9AF71ACF5CE2}"
EndProject
Project("{8BC9CEB8-8B4A-11D0-8D11-00A0C91BC942}") = "MapColor", "MapColor\MapColor.vcxproj", "{285A2D47-0528-4093-8F6D-9B86FB7D2BBE}"
EndProject
Project("{8BC9CEB8-8B4A-11D0-8D11-00A0C91BC942}") = "Nqueen", "Nqueen\Nqueen.vcxproj", "{E0846BB6-FA18-4244-A9E3-8DDDAD42D4B1}"
EndProject
Project("{8BC9CEB8-8B4A-11D0-8D11-00A0C91BC942}") = "Josepus", "Josepus\Josepus.vcxproj", "{E6388683-D159-4E2A-97ED-C8B618BB461E}"
EndProject
Project("{8BC9CEB8-8B4A-11D0-8D11-00A0C91BC942}") = "ant", "ant\ant.vcxproj", "{3E5AE5D4-C1BD-49BD-ADE2-D33C4A409665}"
EndProject
Project("{8BC9CEB8-8B4A-11D0-8D11-00A0C91BC942}") = "ZeroFour", "ZeroFour\ZeroFour.vcxproj", "{EA5C88DD-4EE5-40A4-90E8-C4964AD46FA5}"
EndProject
Project("{8BC9CEB8-8B4A-11D0-8D11-00A0C91BC942}") = "DivisionCity", "DivisionCity\DivisionCity.vcxproj", "{552D8A66-A894-44FA-9DC7-13D37752812A}"
EndProject
Project("{8BC9CEB8-8B4A-11D0-8D11-00A0C91BC942}") = "Curry", "Curry\Curry.vcxproj", "{0AECD33E-A891-4BE5-B72F-C03739EA2A1A}"
EndProject
Project("{8BC9CEB8-8B4A-11D0-8D11-00A0C91BC942}") = "NewMessage", "NewMessage\NewMessage.vcxproj", "{7E084F6C-A5F3-4614-9287-84846451753D}"
EndProject
Global
	GlobalSection(SolutionConfigurationPlatforms) = preSolution
		Debug|x64 = Debug|x64
		Debug|x86 = Debug|x86
		Release|x64 = Release|x64
		Release|x86 = Release|x86
	EndGlobalSection
	GlobalSection(ProjectConfigurationPlatforms) = postSolution
		{65F92D6B-E4C0-4564-A85B-4B88278CBA1D}.Debug|x64.ActiveCfg = Debug|x64
		{65F92D6B-E4C0-4564-A85B-4B88278CBA1D}.Debug|x64.Build.0 = Debug|x64
		{65F92D6B-E4C0-4564-A85B-4B88278CBA1D}.Debug|x86.ActiveCfg = Debug|Win32
		{65F92D6B-E4C0-4564-A85B-4B88278CBA1D}.Debug|x86.Build.0 = Debug|Win32
		{65F92D6B-E4C0-4564-A85B-4B88278CBA1D}.Release|x64.ActiveCfg = Release|x64
		{65F92D6B-E4C0-4564-A85B-4B88278CBA1D}.Release|x64.Build.0 = Release|x64
		{65F92D6B-E4C0-4564-A85B-4B88278CBA1D}.Release|x86.ActiveCfg = Release|Win32
		{65F92D6B-E4C0-4564-A85B-4B88278CBA1D}.Release|x86.Build.0 = Release|Win32
		{63CF0A95-6405-43CE-A8C5-1029783CA58D}.Debug|x64.ActiveCfg = Debug|x64
		{63CF0A95-6405-43CE-A8C5-1029783CA58D}.Debug|x64.Build.0 = Debug|x64
		{63CF0A95-6405-43CE-A8C5-1029783CA58D}.Debug|x86.ActiveCfg = Debug|Win32
		{63CF0A95-6405-43CE-A8C5-1029783CA58D}.Debug|x86.Build.0 = Debug|Win32
		{63CF0A95-6405-43CE-A8C5-1029783CA58D}.Release|x64.ActiveCfg = Release|x64
		{63CF0A95-6405-43CE-A8C5-1029783CA58D}.Release|x64.Build.0 = Release|x64
		{63CF0A95-6405-43CE-A8C5-1029783CA58D}.Release|x86.ActiveCfg = Release|Win32
		{63CF0A95-6405-43CE-A8C5-1029783CA58D}.Release|x86.Build.0 = Release|Win32
		{A2B7C0CC-2C9E-45BE-9477-048358D098B5}.Debug|x64.ActiveCfg = Debug|x64
		{A2B7C0CC-2C9E-45BE-9477-048358D098B5}.Debug|x64.Build.0 = Debug|x64
		{A2B7C0CC-2C9E-45BE-9477-048358D098B5}.Debug|x86.ActiveCfg = Debug|Win32
		{A2B7C0CC-2C9E-45BE-9477-048358D098B5}.Debug|x86.Build.0 = Debug|Win32
		{A2B7C0CC-2C9E-45BE-9477-048358D098B5}.Release|x64.ActiveCfg = Release|x64
		{A2B7C0CC-2C9E-45BE-9477-048358D098B5}.Release|x64.Build.0 = Release|x64
		{A2B7C0CC-2C9E-45BE-9477-048358D098B5}.Release|x86.ActiveCfg = Release|Win32
		{A2B7C0CC-2C9E-45BE-9477-048358D098B5}.Release|x86.Build.0 = Release|Win32
		{E1CDF096-4C63-4C9D-8CB3-29F8166EF0D5}.Debug|x64.ActiveCfg = Debug|x64
		{E1CDF096-4C63-4C9D-8CB3-29F8166EF0D5}.Debug|x64.Build.0 = Debug|x64
		{E1CDF096-4C63-4C9D-8CB3-29F8166EF0D5}.Debug|x86.ActiveCfg = Debug|Win32
		{E1CDF096-4C63-4C9D-8CB3-29F8166EF0D5}.Debug|x86.Build.0 = Debug|Win32
		{E1CDF096-4C63-4C9D-8CB3-29F8166EF0D5}.Release|x64.ActiveCfg = Release|x64
		{E1CDF096-4C63-4C9D-8CB3-29F8166EF0D5}.Release|x64.Build.0 = Release|x64
		{E1CDF096-4C63-4C9D-8CB3-29F8166EF0D5}.Release|x86.ActiveCfg = Release|Win32
		{E1CDF096-4C63-4C9D-8CB3-29F8166EF0D5}.Release|x86.Build.0 = Release|Win32
		{388D66EE-9A46-4278-82BF-2547880B83FC}.Debug|x64.ActiveCfg = Debug|x64
		{388D66EE-9A46-4278-82BF-2547880B83FC}.Debug|x64.Build.0 = Debug|x64
		{388D66EE-9A46-4278-82BF-2547880B83FC}.Debug|x86.ActiveCfg = Debug|Win32
		{388D66EE-9A46-4278-82BF-2547880B83FC}.Debug|x86.Build.0 = Debug|Win32
		{388D66EE-9A46-4278-82BF-2547880B83FC}.Release|x64.ActiveCfg = Release|x64
		{388D66EE-9A46-4278-82BF-2547880B83FC}.Release|x64.Build.0 = Release|x64
		{388D66EE-9A46-4278-82BF-2547880B83FC}.Release|x86.ActiveCfg = Release|Win32
		{388D66EE-9A46-4278-82BF-2547880B83FC}.Release|x86.Build.0 = Release|Win32
		{5F68F0F7-CF39-4E3F-9D6C-11901A2B56B4}.Debug|x64.ActiveCfg = Debug|x64
		{5F68F0F7-CF39-4E3F-9D6C-11901A2B56B4}.Debug|x64.Build.0 = Debug|x64
		{5F68F0F7-CF39-4E3F-9D6C-11901A2B56B4}.Debug|x86.ActiveCfg = Debug|Win32
		{5F68F0F7-CF39-4E3F-9D6C-11901A2B56B4}.Debug|x86.Build.0 = Debug|Win32
		{5F68F0F7-CF39-4E3F-9D6C-11901A2B56B4}.Release|x64.ActiveCfg = Release|x64
		{5F68F0F7-CF39-4E3F-9D6C-11901A2B56B4}.Release|x64.Build.0 = Release|x64
		{5F68F0F7-CF39-4E3F-9D6C-11901A2B56B4}.Release|x86.ActiveCfg = Release|Win32
		{5F68F0F7-CF39-4E3F-9D6C-11901A2B56B4}.Release|x86.Build.0 = Release|Win32
		{AC796215-626F-4B20-8F41-1E0DB4DDA82A}.Debug|x64.ActiveCfg = Debug|x64
		{AC796215-626F-4B20-8F41-1E0DB4DDA82A}.Debug|x64.Build.0 = Debug|x64
		{AC796215-626F-4B20-8F41-1E0DB4DDA82A}.Debug|x86.ActiveCfg = Debug|Win32
		{AC796215-626F-4B20-8F41-1E0DB4DDA82A}.Debug|x86.Build.0 = Debug|Win32
		{AC796215-626F-4B20-8F41-1E0DB4DDA82A}.Release|x64.ActiveCfg = Release|x64
		{AC796215-626F-4B20-8F41-1E0DB4DDA82A}.Release|x64.Build.0 = Release|x64
		{AC796215-626F-4B20-8F41-1E0DB4DDA82A}.Release|x86.ActiveCfg = Release|Win32
		{AC796215-626F-4B20-8F41-1E0DB4DDA82A}.Release|x86.Build.0 = Release|Win32
		{3168DE48-613C-41ED-BF4A-4A4E89D24616}.Debug|x64.ActiveCfg = Debug|x64
		{3168DE48-613C-41ED-BF4A-4A4E89D24616}.Debug|x64.Build.0 = Debug|x64
		{3168DE48-613C-41ED-BF4A-4A4E89D24616}.Debug|x86.ActiveCfg = Debug|Win32
		{3168DE48-613C-41ED-BF4A-4A4E89D24616}.Debug|x86.Build.0 = Debug|Win32
		{3168DE48-613C-41ED-BF4A-4A4E89D24616}.Release|x64.ActiveCfg = Release|x64
		{3168DE48-613C-41ED-BF4A-4A4E89D24616}.Release|x64.Build.0 = Release|x64
		{3168DE48-613C-41ED-BF4A-4A4E89D24616}.Release|x86.ActiveCfg = Release|Win32
		{3168DE48-613C-41ED-BF4A-4A4E89D24616}.Release|x86.Build.0 = Release|Win32
		{7C15B0A6-4713-4AAE-A7DA-5AF89150C317}.Debug|x64.ActiveCfg = Debug|x64
		{7C15B0A6-4713-4AAE-A7DA-5AF89150C317}.Debug|x64.Build.0 = Debug|x64
		{7C15B0A6-4713-4AAE-A7DA-5AF89150C317}.Debug|x86.ActiveCfg = Debug|Win32
		{7C15B0A6-4713-4AAE-A7DA-5AF89150C317}.Debug|x86.Build.0 = Debug|Win32
		{7C15B0A6-4713-4AAE-A7DA-5AF89150C317}.Release|x64.ActiveCfg = Release|x64
		{7C15B0A6-4713-4AAE-A7DA-5AF89150C317}.Release|x64.Build.0 = Release|x64
		{7C15B0A6-4713-4AAE-A7DA-5AF89150C317}.Release|x86.ActiveCfg = Release|Win32
		{7C15B0A6-4713-4AAE-A7DA-5AF89150C317}.Release|x86.Build.0 = Release|Win32
		{BCFA4DBE-87B0-40C5-BB33-DCC3F614A32C}.Debug|x64.ActiveCfg = Debug|x64
		{BCFA4DBE-87B0-40C5-BB33-DCC3F614A32C}.Debug|x64.Build.0 = Debug|x64
		{BCFA4DBE-87B0-40C5-BB33-DCC3F614A32C}.Debug|x86.ActiveCfg = Debug|Win32
		{BCFA4DBE-87B0-40C5-BB33-DCC3F614A32C}.Debug|x86.Build.0 = Debug|Win32
		{BCFA4DBE-87B0-40C5-BB33-DCC3F614A32C}.Release|x64.ActiveCfg = Release|x64
		{BCFA4DBE-87B0-40C5-BB33-DCC3F614A32C}.Release|x64.Build.0 = Release|x64
		{BCFA4DBE-87B0-40C5-BB33-DCC3F614A32C}.Release|x86.ActiveCfg = Release|Win32
		{BCFA4DBE-87B0-40C5-BB33-DCC3F614A32C}.Release|x86.Build.0 = Release|Win32
		{ED8EC8E5-7580-499A-AB55-E42ABFE9A557}.Debug|x64.ActiveCfg = Debug|x64
		{ED8EC8E5-7580-499A-AB55-E42ABFE9A557}.Debug|x64.Build.0 = Debug|x64
		{ED8EC8E5-7580-499A-AB55-E42ABFE9A557}.Debug|x86.ActiveCfg = Debug|Win32
		{ED8EC8E5-7580-499A-AB55-E42ABFE9A557}.Debug|x86.Build.0 = Debug|Win32
		{ED8EC8E5-7580-499A-AB55-E42ABFE9A557}.Release|x64.ActiveCfg = Release|x64
		{ED8EC8E5-7580-499A-AB55-E42ABFE9A557}.Release|x64.Build.0 = Release|x64
		{ED8EC8E5-7580-499A-AB55-E42ABFE9A557}.Release|x86.ActiveCfg = Release|Win32
		{ED8EC8E5-7580-499A-AB55-E42ABFE9A557}.Release|x86.Build.0 = Release|Win32
		{A5F2B6DB-F749-4B03-919F-D3A2B7D09342}.Debug|x64.ActiveCfg = Debug|x64
		{A5F2B6DB-F749-4B03-919F-D3A2B7D09342}.Debug|x64.Build.0 = Debug|x64
		{A5F2B6DB-F749-4B03-919F-D3A2B7D09342}.Debug|x86.ActiveCfg = Debug|Win32
		{A5F2B6DB-F749-4B03-919F-D3A2B7D09342}.Debug|x86.Build.0 = Debug|Win32
		{A5F2B6DB-F749-4B03-919F-D3A2B7D09342}.Release|x64.ActiveCfg = Release|x64
		{A5F2B6DB-F749-4B03-919F-D3A2B7D09342}.Release|x64.Build.0 = Release|x64
		{A5F2B6DB-F749-4B03-919F-D3A2B7D09342}.Release|x86.ActiveCfg = Release|Win32
		{A5F2B6DB-F749-4B03-919F-D3A2B7D09342}.Release|x86.Build.0 = Release|Win32
		{94CF16D1-04DC-4391-AE69-38C6D0D6FC1E}.Debug|x64.ActiveCfg = Debug|x64
		{94CF16D1-04DC-4391-AE69-38C6D0D6FC1E}.Debug|x64.Build.0 = Debug|x64
		{94CF16D1-04DC-4391-AE69-38C6D0D6FC1E}.Debug|x86.ActiveCfg = Debug|Win32
		{94CF16D1-04DC-4391-AE69-38C6D0D6FC1E}.Debug|x86.Build.0 = Debug|Win32
		{94CF16D1-04DC-4391-AE69-38C6D0D6FC1E}.Release|x64.ActiveCfg = Release|x64
		{94CF16D1-04DC-4391-AE69-38C6D0D6FC1E}.Release|x64.Build.0 = Release|x64
		{94CF16D1-04DC-4391-AE69-38C6D0D6FC1E}.Release|x86.ActiveCfg = Release|Win32
		{94CF16D1-04DC-4391-AE69-38C6D0D6FC1E}.Release|x86.Build.0 = Release|Win32
		{E32C9D52-CC7F-4FF1-BA50-27870E52033B}.Debug|x64.ActiveCfg = Debug|x64
		{E32C9D52-CC7F-4FF1-BA50-27870E52033B}.Debug|x64.Build.0 = Debug|x64
		{E32C9D52-CC7F-4FF1-BA50-27870E52033B}.Debug|x86.ActiveCfg = Debug|Win32
		{E32C9D52-CC7F-4FF1-BA50-27870E52033B}.Debug|x86.Build.0 = Debug|Win32
		{E32C9D52-CC7F-4FF1-BA50-27870E52033B}.Release|x64.ActiveCfg = Release|x64
		{E32C9D52-CC7F-4FF1-BA50-27870E52033B}.Release|x64.Build.0 = Release|x64
		{E32C9D52-CC7F-4FF1-BA50-27870E52033B}.Release|x86.ActiveCfg = Release|Win32
		{E32C9D52-CC7F-4FF1-BA50-27870E52033B}.Release|x86.Build.0 = Release|Win32
		{4BE291CD-E2C9-490D-84FE-965E1DA6A5F2}.Debug|x64.ActiveCfg = Debug|x64
		{4BE291CD-E2C9-490D-84FE-965E1DA6A5F2}.Debug|x64.Build.0 = Debug|x64
		{4BE291CD-E2C9-490D-84FE-965E1DA6A5F2}.Debug|x86.ActiveCfg = Debug|Win32
		{4BE291CD-E2C9-490D-84FE-965E1DA6A5F2}.Debug|x86.Build.0 = Debug|Win32
		{4BE291CD-E2C9-490D-84FE-965E1DA6A5F2}.Release|x64.ActiveCfg = Release|x64
		{4BE291CD-E2C9-490D-84FE-965E1DA6A5F2}.Release|x64.Build.0 = Release|x64
		{4BE291CD-E2C9-490D-84FE-965E1DA6A5F2}.Release|x86.ActiveCfg = Release|Win32
		{4BE291CD-E2C9-490D-84FE-965E1DA6A5F2}.Release|x86.Build.0 = Release|Win32
		{5992159C-CDA5-4AE5-9255-FA26DE0C08CB}.Debug|x64.ActiveCfg = Debug|x64
		{5992159C-CDA5-4AE5-9255-FA26DE0C08CB}.Debug|x64.Build.0 = Debug|x64
		{5992159C-CDA5-4AE5-9255-FA26DE0C08CB}.Debug|x86.ActiveCfg = Debug|Win32
		{5992159C-CDA5-4AE5-9255-FA26DE0C08CB}.Debug|x86.Build.0 = Debug|Win32
		{5992159C-CDA5-4AE5-9255-FA26DE0C08CB}.Release|x64.ActiveCfg = Release|x64
		{5992159C-CDA5-4AE5-9255-FA26DE0C08CB}.Release|x64.Build.0 = Release|x64
		{5992159C-CDA5-4AE5-9255-FA26DE0C08CB}.Release|x86.ActiveCfg = Release|Win32
		{5992159C-CDA5-4AE5-9255-FA26DE0C08CB}.Release|x86.Build.0 = Release|Win32
		{A2F40AB1-8732-42D2-9AAA-D5571F4099EF}.Debug|x64.ActiveCfg = Debug|x64
		{A2F40AB1-8732-42D2-9AAA-D5571F4099EF}.Debug|x64.Build.0 = Debug|x64
		{A2F40AB1-8732-42D2-9AAA-D5571F4099EF}.Debug|x86.ActiveCfg = Debug|Win32
		{A2F40AB1-8732-42D2-9AAA-D5571F4099EF}.Debug|x86.Build.0 = Debug|Win32
		{A2F40AB1-8732-42D2-9AAA-D5571F4099EF}.Release|x64.ActiveCfg = Release|x64
		{A2F40AB1-8732-42D2-9AAA-D5571F4099EF}.Release|x64.Build.0 = Release|x64
		{A2F40AB1-8732-42D2-9AAA-D5571F4099EF}.Release|x86.ActiveCfg = Release|Win32
		{A2F40AB1-8732-42D2-9AAA-D5571F4099EF}.Release|x86.Build.0 = Release|Win32
		{082D1AEF-25E9-41A3-AF86-51E869D5C07E}.Debug|x64.ActiveCfg = Debug|x64
		{082D1AEF-25E9-41A3-AF86-51E869D5C07E}.Debug|x64.Build.0 = Debug|x64
		{082D1AEF-25E9-41A3-AF86-51E869D5C07E}.Debug|x86.ActiveCfg = Debug|Win32
		{082D1AEF-25E9-41A3-AF86-51E869D5C07E}.Debug|x86.Build.0 = Debug|Win32
		{082D1AEF-25E9-41A3-AF86-51E869D5C07E}.Release|x64.ActiveCfg = Release|x64
		{082D1AEF-25E9-41A3-AF86-51E869D5C07E}.Release|x64.Build.0 = Release|x64
		{082D1AEF-25E9-41A3-AF86-51E869D5C07E}.Release|x86.ActiveCfg = Release|Win32
		{082D1AEF-25E9-41A3-AF86-51E869D5C07E}.Release|x86.Build.0 = Release|Win32
		{C70C5963-3020-4DE4-864F-DE92D50CDD7C}.Debug|x64.ActiveCfg = Debug|x64
		{C70C5963-3020-4DE4-864F-DE92D50CDD7C}.Debug|x64.Build.0 = Debug|x64
		{C70C5963-3020-4DE4-864F-DE92D50CDD7C}.Debug|x86.ActiveCfg = Debug|Win32
		{C70C5963-3020-4DE4-864F-DE92D50CDD7C}.Debug|x86.Build.0 = Debug|Win32
		{C70C5963-3020-4DE4-864F-DE92D50CDD7C}.Release|x64.ActiveCfg = Release|x64
		{C70C5963-3020-4DE4-864F-DE92D50CDD7C}.Release|x64.Build.0 = Release|x64
		{C70C5963-3020-4DE4-864F-DE92D50CDD7C}.Release|x86.ActiveCfg = Release|Win32
		{C70C5963-3020-4DE4-864F-DE92D50CDD7C}.Release|x86.Build.0 = Release|Win32
		{EFD0C2A8-F5F0-4297-8840-49DCBDC6082A}.Debug|x64.ActiveCfg = Debug|x64
		{EFD0C2A8-F5F0-4297-8840-49DCBDC6082A}.Debug|x64.Build.0 = Debug|x64
		{EFD0C2A8-F5F0-4297-8840-49DCBDC6082A}.Debug|x86.ActiveCfg = Debug|Win32
		{EFD0C2A8-F5F0-4297-8840-49DCBDC6082A}.Debug|x86.Build.0 = Debug|Win32
		{EFD0C2A8-F5F0-4297-8840-49DCBDC6082A}.Release|x64.ActiveCfg = Release|x64
		{EFD0C2A8-F5F0-4297-8840-49DCBDC6082A}.Release|x64.Build.0 = Release|x64
		{EFD0C2A8-F5F0-4297-8840-49DCBDC6082A}.Release|x86.ActiveCfg = Release|Win32
		{EFD0C2A8-F5F0-4297-8840-49DCBDC6082A}.Release|x86.Build.0 = Release|Win32
		{ADA79BB1-6AC4-4134-9833-3A3BE5AE5BAD}.Debug|x64.ActiveCfg = Debug|x64
		{ADA79BB1-6AC4-4134-9833-3A3BE5AE5BAD}.Debug|x64.Build.0 = Debug|x64
		{ADA79BB1-6AC4-4134-9833-3A3BE5AE5BAD}.Debug|x86.ActiveCfg = Debug|Win32
		{ADA79BB1-6AC4-4134-9833-3A3BE5AE5BAD}.Debug|x86.Build.0 = Debug|Win32
		{ADA79BB1-6AC4-4134-9833-3A3BE5AE5BAD}.Release|x64.ActiveCfg = Release|x64
		{ADA79BB1-6AC4-4134-9833-3A3BE5AE5BAD}.Release|x64.Build.0 = Release|x64
		{ADA79BB1-6AC4-4134-9833-3A3BE5AE5BAD}.Release|x86.ActiveCfg = Release|Win32
		{ADA79BB1-6AC4-4134-9833-3A3BE5AE5BAD}.Release|x86.Build.0 = Release|Win32
		{B5EC83CC-AF75-47CA-A8FB-4EDA8E7AFA4B}.Debug|x64.ActiveCfg = Debug|x64
		{B5EC83CC-AF75-47CA-A8FB-4EDA8E7AFA4B}.Debug|x64.Build.0 = Debug|x64
		{B5EC83CC-AF75-47CA-A8FB-4EDA8E7AFA4B}.Debug|x86.ActiveCfg = Debug|Win32
		{B5EC83CC-AF75-47CA-A8FB-4EDA8E7AFA4B}.Debug|x86.Build.0 = Debug|Win32
		{B5EC83CC-AF75-47CA-A8FB-4EDA8E7AFA4B}.Release|x64.ActiveCfg = Release|x64
		{B5EC83CC-AF75-47CA-A8FB-4EDA8E7AFA4B}.Release|x64.Build.0 = Release|x64
		{B5EC83CC-AF75-47CA-A8FB-4EDA8E7AFA4B}.Release|x86.ActiveCfg = Release|Win32
		{B5EC83CC-AF75-47CA-A8FB-4EDA8E7AFA4B}.Release|x86.Build.0 = Release|Win32
		{1B1B2873-C927-43D3-A9BD-73DC7BC50526}.Debug|x64.ActiveCfg = Debug|x64
		{1B1B2873-C927-43D3-A9BD-73DC7BC50526}.Debug|x64.Build.0 = Debug|x64
		{1B1B2873-C927-43D3-A9BD-73DC7BC50526}.Debug|x86.ActiveCfg = Debug|Win32
		{1B1B2873-C927-43D3-A9BD-73DC7BC50526}.Debug|x86.Build.0 = Debug|Win32
		{1B1B2873-C927-43D3-A9BD-73DC7BC50526}.Release|x64.ActiveCfg = Release|x64
		{1B1B2873-C927-43D3-A9BD-73DC7BC50526}.Release|x64.Build.0 = Release|x64
		{1B1B2873-C927-43D3-A9BD-73DC7BC50526}.Release|x86.ActiveCfg = Release|Win32
		{1B1B2873-C927-43D3-A9BD-73DC7BC50526}.Release|x86.Build.0 = Release|Win32
		{BD3F4106-B5F5-47B3-AE8E-BA1F6B8E63E4}.Debug|x64.ActiveCfg = Debug|x64
		{BD3F4106-B5F5-47B3-AE8E-BA1F6B8E63E4}.Debug|x64.Build.0 = Debug|x64
		{BD3F4106-B5F5-47B3-AE8E-BA1F6B8E63E4}.Debug|x86.ActiveCfg = Debug|Win32
		{BD3F4106-B5F5-47B3-AE8E-BA1F6B8E63E4}.Debug|x86.Build.0 = Debug|Win32
		{BD3F4106-B5F5-47B3-AE8E-BA1F6B8E63E4}.Release|x64.ActiveCfg = Release|x64
		{BD3F4106-B5F5-47B3-AE8E-BA1F6B8E63E4}.Release|x64.Build.0 = Release|x64
		{BD3F4106-B5F5-47B3-AE8E-BA1F6B8E63E4}.Release|x86.ActiveCfg = Release|Win32
		{BD3F4106-B5F5-47B3-AE8E-BA1F6B8E63E4}.Release|x86.Build.0 = Release|Win32
		{EF813CD7-7D7B-484C-8733-A80DC0736250}.Debug|x64.ActiveCfg = Debug|x64
		{EF813CD7-7D7B-484C-8733-A80DC0736250}.Debug|x64.Build.0 = Debug|x64
		{EF813CD7-7D7B-484C-8733-A80DC0736250}.Debug|x86.ActiveCfg = Debug|Win32
		{EF813CD7-7D7B-484C-8733-A80DC0736250}.Debug|x86.Build.0 = Debug|Win32
		{EF813CD7-7D7B-484C-8733-A80DC0736250}.Release|x64.ActiveCfg = Release|x64
		{EF813CD7-7D7B-484C-8733-A80DC0736250}.Release|x64.Build.0 = Release|x64
		{EF813CD7-7D7B-484C-8733-A80DC0736250}.Release|x86.ActiveCfg = Release|Win32
		{EF813CD7-7D7B-484C-8733-A80DC0736250}.Release|x86.Build.0 = Release|Win32
		{D9107D29-6875-4058-8926-9AF71ACF5CE2}.Debug|x64.ActiveCfg = Debug|x64
		{D9107D29-6875-4058-8926-9AF71ACF5CE2}.Debug|x64.Build.0 = Debug|x64
		{D9107D29-6875-4058-8926-9AF71ACF5CE2}.Debug|x86.ActiveCfg = Debug|Win32
		{D9107D29-6875-4058-8926-9AF71ACF5CE2}.Debug|x86.Build.0 = Debug|Win32
		{D9107D29-6875-4058-8926-9AF71ACF5CE2}.Release|x64.ActiveCfg = Release|x64
		{D9107D29-6875-4058-8926-9AF71ACF5CE2}.Release|x64.Build.0 = Release|x64
		{D9107D29-6875-4058-8926-9AF71ACF5CE2}.Release|x86.ActiveCfg = Release|Win32
		{D9107D29-6875-4058-8926-9AF71ACF5CE2}.Release|x86.Build.0 = Release|Win32
		{285A2D47-0528-4093-8F6D-9B86FB7D2BBE}.Debug|x64.ActiveCfg = Debug|x64
		{285A2D47-0528-4093-8F6D-9B86FB7D2BBE}.Debug|x64.Build.0 = Debug|x64
		{285A2D47-0528-4093-8F6D-9B86FB7D2BBE}.Debug|x86.ActiveCfg = Debug|Win32
		{285A2D47-0528-4093-8F6D-9B86FB7D2BBE}.Debug|x86.Build.0 = Debug|Win32
		{285A2D47-0528-4093-8F6D-9B86FB7D2BBE}.Release|x64.ActiveCfg = Release|x64
		{285A2D47-0528-4093-8F6D-9B86FB7D2BBE}.Release|x64.Build.0 = Release|x64
		{285A2D47-0528-4093-8F6D-9B86FB7D2BBE}.Release|x86.ActiveCfg = Release|Win32
		{285A2D47-0528-4093-8F6D-9B86FB7D2BBE}.Release|x86.Build.0 = Release|Win32
		{E0846BB6-FA18-4244-A9E3-8DDDAD42D4B1}.Debug|x64.ActiveCfg = Debug|x64
		{E0846BB6-FA18-4244-A9E3-8DDDAD42D4B1}.Debug|x64.Build.0 = Debug|x64
		{E0846BB6-FA18-4244-A9E3-8DDDAD42D4B1}.Debug|x86.ActiveCfg = Debug|Win32
		{E0846BB6-FA18-4244-A9E3-8DDDAD42D4B1}.Debug|x86.Build.0 = Debug|Win32
		{E0846BB6-FA18-4244-A9E3-8DDDAD42D4B1}.Release|x64.ActiveCfg = Release|x64
		{E0846BB6-FA18-4244-A9E3-8DDDAD42D4B1}.Release|x64.Build.0 = Release|x64
		{E0846BB6-FA18-4244-A9E3-8DDDAD42D4B1}.Release|x86.ActiveCfg = Release|Win32
		{E0846BB6-FA18-4244-A9E3-8DDDAD42D4B1}.Release|x86.Build.0 = Release|Win32
		{E6388683-D159-4E2A-97ED-C8B618BB461E}.Debug|x64.ActiveCfg = Debug|x64
		{E6388683-D159-4E2A-97ED-C8B618BB461E}.Debug|x64.Build.0 = Debug|x64
		{E6388683-D159-4E2A-97ED-C8B618BB461E}.Debug|x86.ActiveCfg = Debug|Win32
		{E6388683-D159-4E2A-97ED-C8B618BB461E}.Debug|x86.Build.0 = Debug|Win32
		{E6388683-D159-4E2A-97ED-C8B618BB461E}.Release|x64.ActiveCfg = Release|x64
		{E6388683-D159-4E2A-97ED-C8B618BB461E}.Release|x64.Build.0 = Release|x64
		{E6388683-D159-4E2A-97ED-C8B618BB461E}.Release|x86.ActiveCfg = Release|Win32
		{E6388683-D159-4E2A-97ED-C8B618BB461E}.Release|x86.Build.0 = Release|Win32
		{3E5AE5D4-C1BD-49BD-ADE2-D33C4A409665}.Debug|x64.ActiveCfg = Debug|x64
		{3E5AE5D4-C1BD-49BD-ADE2-D33C4A409665}.Debug|x64.Build.0 = Debug|x64
		{3E5AE5D4-C1BD-49BD-ADE2-D33C4A409665}.Debug|x86.ActiveCfg = Debug|Win32
		{3E5AE5D4-C1BD-49BD-ADE2-D33C4A409665}.Debug|x86.Build.0 = Debug|Win32
		{3E5AE5D4-C1BD-49BD-ADE2-D33C4A409665}.Release|x64.ActiveCfg = Release|x64
		{3E5AE5D4-C1BD-49BD-ADE2-D33C4A409665}.Release|x64.Build.0 = Release|x64
		{3E5AE5D4-C1BD-49BD-ADE2-D33C4A409665}.Release|x86.ActiveCfg = Release|Win32
		{3E5AE5D4-C1BD-49BD-ADE2-D33C4A409665}.Release|x86.Build.0 = Release|Win32
		{EA5C88DD-4EE5-40A4-90E8-C4964AD46FA5}.Debug|x64.ActiveCfg = Debug|x64
		{EA5C88DD-4EE5-40A4-90E8-C4964AD46FA5}.Debug|x64.Build.0 = Debug|x64
		{EA5C88DD-4EE5-40A4-90E8-C4964AD46FA5}.Debug|x86.ActiveCfg = Debug|Win32
		{EA5C88DD-4EE5-40A4-90E8-C4964AD46FA5}.Debug|x86.Build.0 = Debug|Win32
		{EA5C88DD-4EE5-40A4-90E8-C4964AD46FA5}.Release|x64.ActiveCfg = Release|x64
		{EA5C88DD-4EE5-40A4-90E8-C4964AD46FA5}.Release|x64.Build.0 = Release|x64
		{EA5C88DD-4EE5-40A4-90E8-C4964AD46FA5}.Release|x86.ActiveCfg = Release|Win32
		{EA5C88DD-4EE5-40A4-90E8-C4964AD46FA5}.Release|x86.Build.0 = Release|Win32
		{552D8A66-A894-44FA-9DC7-13D37752812A}.Debug|x64.ActiveCfg = Debug|x64
		{552D8A66-A894-44FA-9DC7-13D37752812A}.Debug|x64.Build.0 = Debug|x64
		{552D8A66-A894-44FA-9DC7-13D37752812A}.Debug|x86.ActiveCfg = Debug|Win32
		{552D8A66-A894-44FA-9DC7-13D37752812A}.Debug|x86.Build.0 = Debug|Win32
		{552D8A66-A894-44FA-9DC7-13D37752812A}.Release|x64.ActiveCfg = Release|x64
		{552D8A66-A894-44FA-9DC7-13D37752812A}.Release|x64.Build.0 = Release|x64
		{552D8A66-A894-44FA-9DC7-13D37752812A}.Release|x86.ActiveCfg = Release|Win32
		{552D8A66-A894-44FA-9DC7-13D37752812A}.Release|x86.Build.0 = Release|Win32
		{0AECD33E-A891-4BE5-B72F-C03739EA2A1A}.Debug|x64.ActiveCfg = Debug|x64
		{0AECD33E-A891-4BE5-B72F-C03739EA2A1A}.Debug|x64.Build.0 = Debug|x64
		{0AECD33E-A891-4BE5-B72F-C03739EA2A1A}.Debug|x86.ActiveCfg = Debug|Win32
		{0AECD33E-A891-4BE5-B72F-C03739EA2A1A}.Debug|x86.Build.0 = Debug|Win32
		{0AECD33E-A891-4BE5-B72F-C03739EA2A1A}.Release|x64.ActiveCfg = Release|x64
		{0AECD33E-A891-4BE5-B72F-C03739EA2A1A}.Release|x64.Build.0 = Release|x64
		{0AECD33E-A891-4BE5-B72F-C03739EA2A1A}.Release|x86.ActiveCfg = Release|Win32
		{0AECD33E-A891-4BE5-B72F-C03739EA2A1A}.Release|x86.Build.0 = Release|Win32
		{7E084F6C-A5F3-4614-9287-84846451753D}.Debug|x64.ActiveCfg = Debug|x64
		{7E084F6C-A5F3-4614-9287-84846451753D}.Debug|x64.Build.0 = Debug|x64
		{7E084F6C-A5F3-4614-9287-84846451753D}.Debug|x86.ActiveCfg = Debug|Win32
		{7E084F6C-A5F3-4614-9287-84846451753D}.Debug|x86.Build.0 = Debug|Win32
		{7E084F6C-A5F3-4614-9287-84846451753D}.Release|x64.ActiveCfg = Release|x64
		{7E084F6C-A5F3-4614-9287-84846451753D}.Release|x64.Build.0 = Release|x64
		{7E084F6C-A5F3-4614-9287-84846451753D}.Release|x86.ActiveCfg = Release|Win32
		{7E084F6C-A5F3-4614-9287-84846451753D}.Release|x86.Build.0 = Release|Win32
	EndGlobalSection
	GlobalSection(SolutionProperties) = preSolution
		HideSolutionNode = FALSE
	EndGlobalSection
	GlobalSection(ExtensibilityGlobals) = postSolution
		SolutionGuid = {A27FBF0B-901D-4DB0-B7C9-91E95639DAD4}
	EndGlobalSection
EndGlobal
